
Microsoft Visual Studio Solution File, Format Version 12.00
# Visual Studio Version 17
VisualStudioVersion = 17.0.31903.59
MinimumVisualStudioVersion = 10.0.40219.1
Project("{2150E333-8FDC-42A3-9474-1A3956D46DE8}") = "src", "src", "{827E0CD3-B72D-47B6-A68D-7590B98EB39B}"
EndProject
Project("{FAE04EC0-301F-11D3-BF4B-00C04F79EFBC}") = "Retail.Domain", "src\Retail.Domain\Retail.Domain.csproj", "{871A3918-76A5-4D38-9328-1455C670658A}"
EndProject
Project("{FAE04EC0-301F-11D3-BF4B-00C04F79EFBC}") = "Retail.Application", "src\Retail.Application\Retail.Application.csproj", "{9A580A2C-8624-4BF3-894C-B2A55DDABC5E}"
EndProject
Project("{FAE04EC0-301F-11D3-BF4B-00C04F79EFBC}") = "Retail.Infrastructure", "src\Retail.Infrastructure\Retail.Infrastructure.csproj", "{EE7A0740-08A0-4E26-B802-9CBBB814C7BD}"
EndProject
Project("{FAE04EC0-301F-11D3-BF4B-00C04F79EFBC}") = "Retail.App", "src\Retail.App\Retail.App.csproj", "{E8BB3FD5-A982-4B4A-80C8-2A3EAB0C402D}"
EndProject
Project("{2150E333-8FDC-42A3-9474-1A3956D46DE8}") = "tests", "tests", "{0AB3BF05-4346-4AA6-1389-037BE0695223}"
EndProject
Project("{FAE04EC0-301F-11D3-BF4B-00C04F79EFBC}") = "Retail.Domain.UnitTests", "tests\Retail.Domain.UnitTests\Retail.Domain.UnitTests.csproj", "{9EB21642-11AB-4F28-A0D3-59B651D6A455}"
EndProject
Project("{FAE04EC0-301F-11D3-BF4B-00C04F79EFBC}") = "Retail.Application.UnitTests", "tests\Retail.Application.UnitTests\Retail.Application.UnitTests.csproj", "{307F721E-E372-415C-8A51-34D372703A4C}"
EndProject
Project("{FAE04EC0-301F-11D3-BF4B-00C04F79EFBC}") = "Retail.Infrastructure.IntegrationTests", "tests\Retail.Infrastructure.IntegrationTests\Retail.Infrastructure.IntegrationTests.csproj", "{1F16BE83-DE8C-4732-AF20-B33B93A295FE}"
EndProject
Project("{FAE04EC0-301F-11D3-BF4B-00C04F79EFBC}") = "Retail.App.UnitTests", "tests\Retail.App.UnitTests\Retail.App.UnitTests.csproj", "{1621750A-0F64-4F66-ADE5-C4755BA1636B}"
EndProject
Global
	GlobalSection(SolutionConfigurationPlatforms) = preSolution
		Debug|Any CPU = Debug|Any CPU
		Debug|x64 = Debug|x64
		Debug|x86 = Debug|x86
		Release|Any CPU = Release|Any CPU
		Release|x64 = Release|x64
		Release|x86 = Release|x86
	EndGlobalSection
	GlobalSection(ProjectConfigurationPlatforms) = postSolution
		{871A3918-76A5-4D38-9328-1455C670658A}.Debug|Any CPU.ActiveCfg = Debug|Any CPU
		{871A3918-76A5-4D38-9328-1455C670658A}.Debug|Any CPU.Build.0 = Debug|Any CPU
		{871A3918-76A5-4D38-9328-1455C670658A}.Debug|x64.ActiveCfg = Debug|Any CPU
		{871A3918-76A5-4D38-9328-1455C670658A}.Debug|x64.Build.0 = Debug|Any CPU
		{871A3918-76A5-4D38-9328-1455C670658A}.Debug|x86.ActiveCfg = Debug|Any CPU
		{871A3918-76A5-4D38-9328-1455C670658A}.Debug|x86.Build.0 = Debug|Any CPU
		{871A3918-76A5-4D38-9328-1455C670658A}.Release|Any CPU.ActiveCfg = Release|Any CPU
		{871A3918-76A5-4D38-9328-1455C670658A}.Release|Any CPU.Build.0 = Release|Any CPU
		{871A3918-76A5-4D38-9328-1455C670658A}.Release|x64.ActiveCfg = Release|Any CPU
		{871A3918-76A5-4D38-9328-1455C670658A}.Release|x64.Build.0 = Release|Any CPU
		{871A3918-76A5-4D38-9328-1455C670658A}.Release|x86.ActiveCfg = Release|Any CPU
		{871A3918-76A5-4D38-9328-1455C670658A}.Release|x86.Build.0 = Release|Any CPU
		{9A580A2C-8624-4BF3-894C-B2A55DDABC5E}.Debug|Any CPU.ActiveCfg = Debug|Any CPU
		{9A580A2C-8624-4BF3-894C-B2A55DDABC5E}.Debug|Any CPU.Build.0 = Debug|Any CPU
		{9A580A2C-8624-4BF3-894C-B2A55DDABC5E}.Debug|x64.ActiveCfg = Debug|Any CPU
		{9A580A2C-8624-4BF3-894C-B2A55DDABC5E}.Debug|x64.Build.0 = Debug|Any CPU
		{9A580A2C-8624-4BF3-894C-B2A55DDABC5E}.Debug|x86.ActiveCfg = Debug|Any CPU
		{9A580A2C-8624-4BF3-894C-B2A55DDABC5E}.Debug|x86.Build.0 = Debug|Any CPU
		{9A580A2C-8624-4BF3-894C-B2A55DDABC5E}.Release|Any CPU.ActiveCfg = Release|Any CPU
		{9A580A2C-8624-4BF3-894C-B2A55DDABC5E}.Release|Any CPU.Build.0 = Release|Any CPU
		{9A580A2C-8624-4BF3-894C-B2A55DDABC5E}.Release|x64.ActiveCfg = Release|Any CPU
		{9A580A2C-8624-4BF3-894C-B2A55DDABC5E}.Release|x64.Build.0 = Release|Any CPU
		{9A580A2C-8624-4BF3-894C-B2A55DDABC5E}.Release|x86.ActiveCfg = Release|Any CPU
		{9A580A2C-8624-4BF3-894C-B2A55DDABC5E}.Release|x86.Build.0 = Release|Any CPU
		{EE7A0740-08A0-4E26-B802-9CBBB814C7BD}.Debug|Any CPU.ActiveCfg = Debug|Any CPU
		{EE7A0740-08A0-4E26-B802-9CBBB814C7BD}.Debug|Any CPU.Build.0 = Debug|Any CPU
		{EE7A0740-08A0-4E26-B802-9CBBB814C7BD}.Debug|x64.ActiveCfg = Debug|Any CPU
		{EE7A0740-08A0-4E26-B802-9CBBB814C7BD}.Debug|x64.Build.0 = Debug|Any CPU
		{EE7A0740-08A0-4E26-B802-9CBBB814C7BD}.Debug|x86.ActiveCfg = Debug|Any CPU
		{EE7A0740-08A0-4E26-B802-9CBBB814C7BD}.Debug|x86.Build.0 = Debug|Any CPU
		{EE7A0740-08A0-4E26-B802-9CBBB814C7BD}.Release|Any CPU.ActiveCfg = Release|Any CPU
		{EE7A0740-08A0-4E26-B802-9CBBB814C7BD}.Release|Any CPU.Build.0 = Release|Any CPU
		{EE7A0740-08A0-4E26-B802-9CBBB814C7BD}.Release|x64.ActiveCfg = Release|Any CPU
		{EE7A0740-08A0-4E26-B802-9CBBB814C7BD}.Release|x64.Build.0 = Release|Any CPU
		{EE7A0740-08A0-4E26-B802-9CBBB814C7BD}.Release|x86.ActiveCfg = Release|Any CPU
		{EE7A0740-08A0-4E26-B802-9CBBB814C7BD}.Release|x86.Build.0 = Release|Any CPU
		{E8BB3FD5-A982-4B4A-80C8-2A3EAB0C402D}.Debug|Any CPU.ActiveCfg = Debug|Any CPU
		{E8BB3FD5-A982-4B4A-80C8-2A3EAB0C402D}.Debug|Any CPU.Build.0 = Debug|Any CPU
		{E8BB3FD5-A982-4B4A-80C8-2A3EAB0C402D}.Debug|x64.ActiveCfg = Debug|Any CPU
		{E8BB3FD5-A982-4B4A-80C8-2A3EAB0C402D}.Debug|x64.Build.0 = Debug|Any CPU
		{E8BB3FD5-A982-4B4A-80C8-2A3EAB0C402D}.Debug|x86.ActiveCfg = Debug|Any CPU
		{E8BB3FD5-A982-4B4A-80C8-2A3EAB0C402D}.Debug|x86.Build.0 = Debug|Any CPU
		{E8BB3FD5-A982-4B4A-80C8-2A3EAB0C402D}.Release|Any CPU.ActiveCfg = Release|Any CPU
		{E8BB3FD5-A982-4B4A-80C8-2A3EAB0C402D}.Release|Any CPU.Build.0 = Release|Any CPU
		{E8BB3FD5-A982-4B4A-80C8-2A3EAB0C402D}.Release|x64.ActiveCfg = Release|Any CPU
		{E8BB3FD5-A982-4B4A-80C8-2A3EAB0C402D}.Release|x64.Build.0 = Release|Any CPU
		{E8BB3FD5-A982-4B4A-80C8-2A3EAB0C402D}.Release|x86.ActiveCfg = Release|Any CPU
		{E8BB3FD5-A982-4B4A-80C8-2A3EAB0C402D}.Release|x86.Build.0 = Release|Any CPU
		{9EB21642-11AB-4F28-A0D3-59B651D6A455}.Debug|Any CPU.ActiveCfg = Debug|Any CPU
		{9EB21642-11AB-4F28-A0D3-59B651D6A455}.Debug|Any CPU.Build.0 = Debug|Any CPU
		{9EB21642-11AB-4F28-A0D3-59B651D6A455}.Debug|x64.ActiveCfg = Debug|Any CPU
		{9EB21642-11AB-4F28-A0D3-59B651D6A455}.Debug|x64.Build.0 = Debug|Any CPU
		{9EB21642-11AB-4F28-A0D3-59B651D6A455}.Debug|x86.ActiveCfg = Debug|Any CPU
		{9EB21642-11AB-4F28-A0D3-59B651D6A455}.Debug|x86.Build.0 = Debug|Any CPU
		{9EB21642-11AB-4F28-A0D3-59B651D6A455}.Release|Any CPU.ActiveCfg = Release|Any CPU
		{9EB21642-11AB-4F28-A0D3-59B651D6A455}.Release|Any CPU.Build.0 = Release|Any CPU
		{9EB21642-11AB-4F28-A0D3-59B651D6A455}.Release|x64.ActiveCfg = Release|Any CPU
		{9EB21642-11AB-4F28-A0D3-59B651D6A455}.Release|x64.Build.0 = Release|Any CPU
		{9EB21642-11AB-4F28-A0D3-59B651D6A455}.Release|x86.ActiveCfg = Release|Any CPU
		{9EB21642-11AB-4F28-A0D3-59B651D6A455}.Release|x86.Build.0 = Release|Any CPU
		{307F721E-E372-415C-8A51-34D372703A4C}.Debug|Any CPU.ActiveCfg = Debug|Any CPU
		{307F721E-E372-415C-8A51-34D372703A4C}.Debug|Any CPU.Build.0 = Debug|Any CPU
		{307F721E-E372-415C-8A51-34D372703A4C}.Debug|x64.ActiveCfg = Debug|Any CPU
		{307F721E-E372-415C-8A51-34D372703A4C}.Debug|x64.Build.0 = Debug|Any CPU
		{307F721E-E372-415C-8A51-34D372703A4C}.Debug|x86.ActiveCfg = Debug|Any CPU
		{307F721E-E372-415C-8A51-34D372703A4C}.Debug|x86.Build.0 = Debug|Any CPU
		{307F721E-E372-415C-8A51-34D372703A4C}.Release|Any CPU.ActiveCfg = Release|Any CPU
		{307F721E-E372-415C-8A51-34D372703A4C}.Release|Any CPU.Build.0 = Release|Any CPU
		{307F721E-E372-415C-8A51-34D372703A4C}.Release|x64.ActiveCfg = Release|Any CPU
		{307F721E-E372-415C-8A51-34D372703A4C}.Release|x64.Build.0 = Release|Any CPU
		{307F721E-E372-415C-8A51-34D372703A4C}.Release|x86.ActiveCfg = Release|Any CPU
		{307F721E-E372-415C-8A51-34D372703A4C}.Release|x86.Build.0 = Release|Any CPU
		{1F16BE83-DE8C-4732-AF20-B33B93A295FE}.Debug|Any CPU.ActiveCfg = Debug|Any CPU
		{1F16BE83-DE8C-4732-AF20-B33B93A295FE}.Debug|Any CPU.Build.0 = Debug|Any CPU
		{1F16BE83-DE8C-4732-AF20-B33B93A295FE}.Debug|x64.ActiveCfg = Debug|Any CPU
		{1F16BE83-DE8C-4732-AF20-B33B93A295FE}.Debug|x64.Build.0 = Debug|Any CPU
		{1F16BE83-DE8C-4732-AF20-B33B93A295FE}.Debug|x86.ActiveCfg = Debug|Any CPU
		{1F16BE83-DE8C-4732-AF20-B33B93A295FE}.Debug|x86.Build.0 = Debug|Any CPU
		{1F16BE83-DE8C-4732-AF20-B33B93A295FE}.Release|Any CPU.ActiveCfg = Release|Any CPU
		{1F16BE83-DE8C-4732-AF20-B33B93A295FE}.Release|Any CPU.Build.0 = Release|Any CPU
		{1F16BE83-DE8C-4732-AF20-B33B93A295FE}.Release|x64.ActiveCfg = Release|Any CPU
		{1F16BE83-DE8C-4732-AF20-B33B93A295FE}.Release|x64.Build.0 = Release|Any CPU
		{1F16BE83-DE8C-4732-AF20-B33B93A295FE}.Release|x86.ActiveCfg = Release|Any CPU
		{1F16BE83-DE8C-4732-AF20-B33B93A295FE}.Release|x86.Build.0 = Release|Any CPU
		{1621750A-0F64-4F66-ADE5-C4755BA1636B}.Debug|Any CPU.ActiveCfg = Debug|Any CPU
		{1621750A-0F64-4F66-ADE5-C4755BA1636B}.Debug|Any CPU.Build.0 = Debug|Any CPU
		{1621750A-0F64-4F66-ADE5-C4755BA1636B}.Debug|x64.ActiveCfg = Debug|Any CPU
		{1621750A-0F64-4F66-ADE5-C4755BA1636B}.Debug|x64.Build.0 = Debug|Any CPU
		{1621750A-0F64-4F66-ADE5-C4755BA1636B}.Debug|x86.ActiveCfg = Debug|Any CPU
		{1621750A-0F64-4F66-ADE5-C4755BA1636B}.Debug|x86.Build.0 = Debug|Any CPU
		{1621750A-0F64-4F66-ADE5-C4755BA1636B}.Release|Any CPU.ActiveCfg = Release|Any CPU
		{1621750A-0F64-4F66-ADE5-C4755BA1636B}.Release|Any CPU.Build.0 = Release|Any CPU
		{1621750A-0F64-4F66-ADE5-C4755BA1636B}.Release|x64.ActiveCfg = Release|Any CPU
		{1621750A-0F64-4F66-ADE5-C4755BA1636B}.Release|x64.Build.0 = Release|Any CPU
		{1621750A-0F64-4F66-ADE5-C4755BA1636B}.Release|x86.ActiveCfg = Release|Any CPU
		{1621750A-0F64-4F66-ADE5-C4755BA1636B}.Release|x86.Build.0 = Release|Any CPU
	EndGlobalSection
	GlobalSection(SolutionProperties) = preSolution
		HideSolutionNode = FALSE
	EndGlobalSection
	GlobalSection(NestedProjects) = preSolution
		{871A3918-76A5-4D38-9328-1455C670658A} = {827E0CD3-B72D-47B6-A68D-7590B98EB39B}
		{9A580A2C-8624-4BF3-894C-B2A55DDABC5E} = {827E0CD3-B72D-47B6-A68D-7590B98EB39B}
		{EE7A0740-08A0-4E26-B802-9CBBB814C7BD} = {827E0CD3-B72D-47B6-A68D-7590B98EB39B}
		{E8BB3FD5-A982-4B4A-80C8-2A3EAB0C402D} = {827E0CD3-B72D-47B6-A68D-7590B98EB39B}
		{9EB21642-11AB-4F28-A0D3-59B651D6A455} = {0AB3BF05-4346-4AA6-1389-037BE0695223}
		{307F721E-E372-415C-8A51-34D372703A4C} = {0AB3BF05-4346-4AA6-1389-037BE0695223}
		{1F16BE83-DE8C-4732-AF20-B33B93A295FE} = {0AB3BF05-4346-4AA6-1389-037BE0695223}
		{1621750A-0F64-4F66-ADE5-C4755BA1636B} = {0AB3BF05-4346-4AA6-1389-037BE0695223}
	EndGlobalSection
EndGlobal
